<?xml version="1.0" encoding="utf-8"?>
<Project ToolsVersion="4.0" xmlns="http://schemas.microsoft.com/developer/msbuild/2003">
  <ItemGroup>
    <Filter Include="Source Files">
      <UniqueIdentifier>{4FC737F1-C7A5-4376-A066-2A32D752A2FF}</UniqueIdentifier>
      <Extensions>cpp;c;cc;cxx;def;odl;idl;hpj;bat;asm;asmx</Extensions>
    </Filter>
    <Filter Include="Header Files">
      <UniqueIdentifier>{93995380-89BD-4b04-88EB-625FBE52EBFB}</UniqueIdentifier>
      <Extensions>h;hpp;hxx;hm;inl;inc;xsd</Extensions>
    </Filter>
    <Filter Include="Resource Files">
      <UniqueIdentifier>{67DA6AB6-F800-4c08-8B7A-83BB121AAD01}</UniqueIdentifier>
      <Extensions>rc;ico;cur;bmp;dlg;rc2;rct;bin;rgs;gif;jpg;jpeg;jpe;resx;tiff;tif;png;wav</Extensions>
    </Filter>
    <Filter Include="OSUtils">
      <UniqueIdentifier>{a6e17c75-ca16-4595-af0a-0eb50d332c90}</UniqueIdentifier>
    </Filter>
    <Filter Include="Extensions">
      <UniqueIdentifier>{80d137cf-318c-4256-ab51-22d4bbaef910}</UniqueIdentifier>
    </Filter>
    <Filter Include="Extensions\Img">
      <UniqueIdentifier>{20b7ed30-e1bf-424e-bc5c-4287441c9864}</UniqueIdentifier>
    </Filter>
    <Filter Include="Input Files">
      <UniqueIdentifier>{87ed59da-796e-4b79-99ff-99f82a8cb3ba}</UniqueIdentifier>
    </Filter>
  </ItemGroup>
  <ItemGroup>
    <ClCompile Include="Globals.c">
      <Filter>Source Files</Filter>
    </ClCompile>
    <ClCompile Include="Main.c">
      <Filter>Source Files</Filter>
    </ClCompile>
    <ClCompile Include="..\..\OSUtils\OSCore.c">
      <Filter>OSUtils</Filter>
    </ClCompile>
    <ClCompile Include="..\..\OSUtils\OSMisc.c">
      <Filter>OSUtils</Filter>
    </ClCompile>
    <ClCompile Include="..\..\OSUtils\OSNet.c">
      <Filter>OSUtils</Filter>
    </ClCompile>
    <ClCompile Include="..\..\OSUtils\OSTime.c">
      <Filter>OSUtils</Filter>
    </ClCompile>
  </ItemGroup>
  <ItemGroup>
    <ClInclude Include="Globals.h">
      <Filter>Header Files</Filter>
    </ClInclude>
    <ClInclude Include="..\..\OSUtils\OSCore.h">
      <Filter>OSUtils</Filter>
    </ClInclude>
    <ClInclude Include="..\..\OSUtils\OSMisc.h">
      <Filter>OSUtils</Filter>
    </ClInclude>
    <ClInclude Include="..\..\OSUtils\OSNet.h">
      <Filter>OSUtils</Filter>
    </ClInclude>
    <ClInclude Include="..\..\OSUtils\OSTime.h">
      <Filter>OSUtils</Filter>
    </ClInclude>
    <ClInclude Include="..\..\Extensions\Img\CvInc.h">
      <Filter>Extensions\Img</Filter>
    </ClInclude>
  </ItemGroup>
  <ItemGroup>
    <Text Include="RemoteWebcamCli.txt">
      <Filter>Input Files</Filter>
    </Text>
  </ItemGroup>
</Project>